
Microsoft Visual Studio Solution File, Format Version 12.00
# Visual Studio Version 17
VisualStudioVersion = 17.4.33213.308
MinimumVisualStudioVersion = 10.0.40219.1
Project("{9A19103F-16F7-4668-BE54-9A1E7A4F7556}") = "Module 9", "Module 9\Module 9.csproj", "{3BEC4F62-8952-4F8E-ACF5-4D671A76ED7B}"
EndProject
Project("{FAE04EC0-301F-11D3-BF4B-00C04F79EFBC}") = "Program 9.6.2", "Program 9.6.2\Program 9.6.2.csproj", "{77F7D5AC-A06A-4787-88A5-64DC506408AD}"
EndProject
Global
	GlobalSection(SolutionConfigurationPlatforms) = preSolution
		Debug|Any CPU = Debug|Any CPU
		Release|Any CPU = Release|Any CPU
	EndGlobalSection
	GlobalSection(ProjectConfigurationPlatforms) = postSolution
		{3BEC4F62-8952-4F8E-ACF5-4D671A76ED7B}.Debug|Any CPU.ActiveCfg = Debug|Any CPU
		{3BEC4F62-8952-4F8E-ACF5-4D671A76ED7B}.Debug|Any CPU.Build.0 = Debug|Any CPU
		{3BEC4F62-8952-4F8E-ACF5-4D671A76ED7B}.Release|Any CPU.ActiveCfg = Release|Any CPU
		{3BEC4F62-8952-4F8E-ACF5-4D671A76ED7B}.Release|Any CPU.Build.0 = Release|Any CPU
		{77F7D5AC-A06A-4787-88A5-64DC506408AD}.Debug|Any CPU.ActiveCfg = Debug|Any CPU
		{77F7D5AC-A06A-4787-88A5-64DC506408AD}.Debug|Any CPU.Build.0 = Debug|Any CPU
		{77F7D5AC-A06A-4787-88A5-64DC506408AD}.Release|Any CPU.ActiveCfg = Release|Any CPU
		{77F7D5AC-A06A-4787-88A5-64DC506408AD}.Release|Any CPU.Build.0 = Release|Any CPU
	EndGlobalSection
	GlobalSection(SolutionProperties) = preSolution
		HideSolutionNode = FALSE
	EndGlobalSection
	GlobalSection(ExtensibilityGlobals) = postSolution
		SolutionGuid = {4B816509-6C74-4828-8998-258C5D227A98}
	EndGlobalSection
EndGlobal
